# THIS IS AN AUTOGENERATED FILE. DO NOT EDIT THIS FILE DIRECTLY.
# yarn lockfile v1


elm@^0.19.0-no-deps:
  version "0.19.0-no-deps"
  resolved "https://registry.yarnpkg.com/elm/-/elm-0.19.0-no-deps.tgz#4754b658c424771823ee91bd5bf6387647954add"
  integrity sha512-tOlSeo5Bt0Rkrt/aBjL+/a+TmAFdfeqjrOlThrhgKOoGeHt1hU7/hJ+HFMlHiODf09AQh7Anl64o7V6thzmRHw==
